
Microsoft Visual Studio Solution File, Format Version 12.00
# Visual Studio Version 16
VisualStudioVersion = 16.0.31515.178
MinimumVisualStudioVersion = 10.0.40219.1
Project("{FAE04EC0-301F-11D3-BF4B-00C04F79EFBC}") = "W2022IG", "S2021A6QP\W2022IG.csproj", "{6C0BF153-60C0-48A8-8601-9254AFAFD8C8}"
EndProject
Global
	GlobalSection(SolutionConfigurationPlatforms) = preSolution
		Debug|Any CPU = Debug|Any CPU
		Release|Any CPU = Release|Any CPU
	EndGlobalSection
	GlobalSection(ProjectConfigurationPlatforms) = postSolution
		{6C0BF153-60C0-48A8-8601-9254AFAFD8C8}.Debug|Any CPU.ActiveCfg = Debug|Any CPU
		{6C0BF153-60C0-48A8-8601-9254AFAFD8C8}.Debug|Any CPU.Build.0 = Debug|Any CPU
		{6C0BF153-60C0-48A8-8601-9254AFAFD8C8}.Release|Any CPU.ActiveCfg = Release|Any CPU
		{6C0BF153-60C0-48A8-8601-9254AFAFD8C8}.Release|Any CPU.Build.0 = Release|Any CPU
	EndGlobalSection
	GlobalSection(SolutionProperties) = preSolution
		HideSolutionNode = FALSE
	EndGlobalSection
	GlobalSection(ExtensibilityGlobals) = postSolution
		SolutionGuid = {887CE790-4BE4-4648-9B59-3EFEA48BBA11}
	EndGlobalSection
EndGlobal
